
Microsoft Visual Studio Solution File, Format Version 12.00
# Visual Studio Version 17
VisualStudioVersion = 17.9.34728.123
MinimumVisualStudioVersion = 10.0.40219.1
Project("{FAE04EC0-301F-11D3-BF4B-00C04F79EFBC}") = "07.1", "07.1\07.1.csproj", "{3C0D8D1F-000F-4D3E-9AAB-D0B2B720AEBF}"
EndProject
Project("{FAE04EC0-301F-11D3-BF4B-00C04F79EFBC}") = "07.2", "07.2\07.2.csproj", "{5C5F293A-D885-432C-8216-11D36DFE4E2D}"
EndProject
Project("{FAE04EC0-301F-11D3-BF4B-00C04F79EFBC}") = "07.3", "07.3\07.3.csproj", "{936FEBA5-46C6-44A0-99AF-3AADA74FD3F6}"
EndProject
Global
	GlobalSection(SolutionConfigurationPlatforms) = preSolution
		Debug|Any CPU = Debug|Any CPU
		Release|Any CPU = Release|Any CPU
	EndGlobalSection
	GlobalSection(ProjectConfigurationPlatforms) = postSolution
		{3C0D8D1F-000F-4D3E-9AAB-D0B2B720AEBF}.Debug|Any CPU.ActiveCfg = Debug|Any CPU
		{3C0D8D1F-000F-4D3E-9AAB-D0B2B720AEBF}.Debug|Any CPU.Build.0 = Debug|Any CPU
		{3C0D8D1F-000F-4D3E-9AAB-D0B2B720AEBF}.Release|Any CPU.ActiveCfg = Release|Any CPU
		{3C0D8D1F-000F-4D3E-9AAB-D0B2B720AEBF}.Release|Any CPU.Build.0 = Release|Any CPU
		{5C5F293A-D885-432C-8216-11D36DFE4E2D}.Debug|Any CPU.ActiveCfg = Debug|Any CPU
		{5C5F293A-D885-432C-8216-11D36DFE4E2D}.Debug|Any CPU.Build.0 = Debug|Any CPU
		{5C5F293A-D885-432C-8216-11D36DFE4E2D}.Release|Any CPU.ActiveCfg = Release|Any CPU
		{5C5F293A-D885-432C-8216-11D36DFE4E2D}.Release|Any CPU.Build.0 = Release|Any CPU
		{936FEBA5-46C6-44A0-99AF-3AADA74FD3F6}.Debug|Any CPU.ActiveCfg = Debug|Any CPU
		{936FEBA5-46C6-44A0-99AF-3AADA74FD3F6}.Debug|Any CPU.Build.0 = Debug|Any CPU
		{936FEBA5-46C6-44A0-99AF-3AADA74FD3F6}.Release|Any CPU.ActiveCfg = Release|Any CPU
		{936FEBA5-46C6-44A0-99AF-3AADA74FD3F6}.Release|Any CPU.Build.0 = Release|Any CPU
	EndGlobalSection
	GlobalSection(SolutionProperties) = preSolution
		HideSolutionNode = FALSE
	EndGlobalSection
	GlobalSection(ExtensibilityGlobals) = postSolution
		SolutionGuid = {62EE4098-1C07-40F0-B2AA-9A3F6E0E98E9}
	EndGlobalSection
EndGlobal
